
Microsoft Visual Studio Solution File, Format Version 12.00
# Visual Studio Version 17
VisualStudioVersion = 17.4.33110.190
MinimumVisualStudioVersion = 10.0.40219.1
Project("{FAE04EC0-301F-11D3-BF4B-00C04F79EFBC}") = "Bus Routes", "Bus Routes\Bus Routes.csproj", "{651D0B56-33B5-4F09-957F-E06E6E10E52C}"
EndProject
Global
	GlobalSection(SolutionConfigurationPlatforms) = preSolution
		Debug|Any CPU = Debug|Any CPU
		Release|Any CPU = Release|Any CPU
	EndGlobalSection
	GlobalSection(ProjectConfigurationPlatforms) = postSolution
		{651D0B56-33B5-4F09-957F-E06E6E10E52C}.Debug|Any CPU.ActiveCfg = Debug|Any CPU
		{651D0B56-33B5-4F09-957F-E06E6E10E52C}.Debug|Any CPU.Build.0 = Debug|Any CPU
		{651D0B56-33B5-4F09-957F-E06E6E10E52C}.Release|Any CPU.ActiveCfg = Release|Any CPU
		{651D0B56-33B5-4F09-957F-E06E6E10E52C}.Release|Any CPU.Build.0 = Release|Any CPU
	EndGlobalSection
	GlobalSection(SolutionProperties) = preSolution
		HideSolutionNode = FALSE
	EndGlobalSection
	GlobalSection(ExtensibilityGlobals) = postSolution
		SolutionGuid = {B3462C04-EC23-4C11-9CBE-F6A614ED5084}
	EndGlobalSection
EndGlobal
